# This file is automatically @generated by Cargo.
# It is not intended for manual editing.
version = 4

[[package]]
name = "lora"
version = "0.1.0"
dependencies = [
 "wave_stream",
]

[[package]]
name = "wave_stream"
version = "0.5.0"
source = "registry+https://github.com/rust-lang/crates.io-index"
checksum = "0848211f9a3007d0017c16335f9d553113d497e87d9b0c94bf58dec585580090"
